schema: '2.0'
stages:
  data_ingestion:
    cmd: python src/data/data_ingestion.py
    deps:
    - path: src/data/data_ingestion.py
      hash: md5
      md5: ed3e2d717d10709f388f1b076da89cb4
      size: 3739
    params:
      params.yaml:
        data_ingestion.random_state: 42
        data_ingestion.test_size: 0.2
    outs:
    - path: data/raw
      hash: md5
      md5: e13bcce40396cd334c8a7a334868166a.dir
      size: 6919701
      nfiles: 2
  data_preprocessing:
    cmd: python src/data/data_preprocessing.py
    deps:
    - path: data/raw/test.csv
      hash: md5
      md5: ea97ba82a4a25627bf4ffb52572484ea
      size: 1348612
    - path: data/raw/train.csv
      hash: md5
      md5: 1bd422dd6d135bced1d6c64a3e84a45d
      size: 5571089
    - path: src/data/data_preprocessing.py
      hash: md5
      md5: a658b95e67f9ac8e1a4d00d22e5e70d8
      size: 3861
    outs:
    - path: data/interim
      hash: md5
      md5: 046666bea80436eff909d9af694e1e39.dir
      size: 5132728
      nfiles: 2
  model_building:
    cmd: python src/model/model_building.py
    deps:
    - path: data/interim/train_processed.csv
      hash: md5
      md5: ac30abfb72b7bcd2350c617920088e84
      size: 4132640
    - path: src/model/model_building.py
      hash: md5
      md5: c2c1f938b6b621b136a2569b690bd0d1
      size: 5303
    params:
      params.yaml:
        data_ingestion.random_state: 42
        model_building.C: 2.777881512619246
        model_building.max_features: 1000
        model_building.max_iter: 409
        model_building.ngram_range:
        - 1
        - 1
        model_building.solver: liblinear
    outs:
    - path: bow_vectorizer.pkl
      hash: md5
      md5: 922fd2b235643119e52f2491c20ffee7
      size: 24202
    - path: logistic_regression.pkl
      hash: md5
      md5: 9590c8056aa135522552077ccf4bb4a8
      size: 24757
  model_evaluation:
    cmd: python src/model/model_evaluation.py
    deps:
    - path: bow_vectorizer.pkl
      hash: md5
      md5: 922fd2b235643119e52f2491c20ffee7
      size: 24202
    - path: data/interim/test_processed.csv
      hash: md5
      md5: ceab22a3646b7b3d9b67c5cf2bf7cd35
      size: 1000088
    - path: data/interim/train_processed.csv
      hash: md5
      md5: ac30abfb72b7bcd2350c617920088e84
      size: 4132640
    - path: logistic_regression.pkl
      hash: md5
      md5: 9590c8056aa135522552077ccf4bb4a8
      size: 24757
    - path: src/model/model_evaluation.py
      hash: md5
      md5: f1cb8eaa9631158b20d68240cfe8a8ea
      size: 6996
    outs:
    - path: experiment_info.json
      hash: md5
      md5: 526de152f90a1e62e23af29b5bd72a79
      size: 176
  model_registration:
    cmd: python src/model/register_model.py
    deps:
    - path: experiment_info.json
      hash: md5
      md5: 526de152f90a1e62e23af29b5bd72a79
      size: 176
    - path: src/model/register_model.py
      hash: md5
      md5: 5a230ab9dcc0557ae0c59b6d9f79463c
      size: 4118
